
Microsoft Visual Studio Solution File, Format Version 12.00
# Visual Studio Version 17
VisualStudioVersion = 17.7.34202.233
MinimumVisualStudioVersion = 10.0.40219.1
Project("{FAE04EC0-301F-11D3-BF4B-00C04F79EFBC}") = "MyLibrary", "MyLibrary.csproj", "{4935C8C3-F158-4827-9106-60D392714B2E}"
EndProject
Global
	GlobalSection(SolutionConfigurationPlatforms) = preSolution
		Debug|Any CPU = Debug|Any CPU
		Release|Any CPU = Release|Any CPU
	EndGlobalSection
	GlobalSection(ProjectConfigurationPlatforms) = postSolution
		{4935C8C3-F158-4827-9106-60D392714B2E}.Debug|Any CPU.ActiveCfg = Debug|Any CPU
		{4935C8C3-F158-4827-9106-60D392714B2E}.Debug|Any CPU.Build.0 = Debug|Any CPU
		{4935C8C3-F158-4827-9106-60D392714B2E}.Release|Any CPU.ActiveCfg = Release|Any CPU
		{4935C8C3-F158-4827-9106-60D392714B2E}.Release|Any CPU.Build.0 = Release|Any CPU
	EndGlobalSection
	GlobalSection(SolutionProperties) = preSolution
		HideSolutionNode = FALSE
	EndGlobalSection
	GlobalSection(ExtensibilityGlobals) = postSolution
		SolutionGuid = {1A1CEA8F-30DF-4D1E-899F-F85243C7FBD3}
	EndGlobalSection
EndGlobal
